// !$*UTF8*$!
{
	archiveVersion = 1;
	classes = {
	};
	objectVersion = 48;
	objects = {

/* Begin PBXBuildFile section */
		9D4F83972099500E00389423 /* quizScreenController.swift in Sources */ = {isa = PBXBuildFile; fileRef = 9D4F83962099500E00389423 /* quizScreenController.swift */; };
		9D4F83992099687F00389423 /* Player.swift in Sources */ = {isa = PBXBuildFile; fileRef = 9D4F83982099687F00389423 /* Player.swift */; };
		CB2EDACB2099495700A283E9 /* Question.swift in Sources */ = {isa = PBXBuildFile; fileRef = CB2EDACA2099495700A283E9 /* Question.swift */; };
		D6E918D92098E29C00E813D4 /* AppDelegate.swift in Sources */ = {isa = PBXBuildFile; fileRef = D6E918D82098E29C00E813D4 /* AppDelegate.swift */; };
		D6E918DE2098E29C00E813D4 /* Main.storyboard in Resources */ = {isa = PBXBuildFile; fileRef = D6E918DC2098E29C00E813D4 /* Main.storyboard */; };
		D6E918E02098E29E00E813D4 /* Assets.xcassets in Resources */ = {isa = PBXBuildFile; fileRef = D6E918DF2098E29E00E813D4 /* Assets.xcassets */; };
		D6E918E32098E29E00E813D4 /* LaunchScreen.storyboard in Resources */ = {isa = PBXBuildFile; fileRef = D6E918E12098E29E00E813D4 /* LaunchScreen.storyboard */; };
		D6E918EE2098E29E00E813D4 /* Social_JoyTests.swift in Sources */ = {isa = PBXBuildFile; fileRef = D6E918ED2098E29E00E813D4 /* Social_JoyTests.swift */; };
		D6E918F92098E29E00E813D4 /* Social_JoyUITests.swift in Sources */ = {isa = PBXBuildFile; fileRef = D6E918F82098E29E00E813D4 /* Social_JoyUITests.swift */; };
		D6E919092098FF4A00E813D4 /* mainMenuViewController.swift in Sources */ = {isa = PBXBuildFile; fileRef = D6E919082098FF4A00E813D4 /* mainMenuViewController.swift */; };
		D6E9190B2099120500E813D4 /* Quiz.swift in Sources */ = {isa = PBXBuildFile; fileRef = D6E9190A2099120500E813D4 /* Quiz.swift */; };
/* End PBXBuildFile section */

/* Begin PBXContainerItemProxy section */
		D6E918EA2098E29E00E813D4 /* PBXContainerItemProxy */ = {
			isa = PBXContainerItemProxy;
			containerPortal = D6E918CD2098E29C00E813D4 /* Project object */;
			proxyType = 1;
			remoteGlobalIDString = D6E918D42098E29C00E813D4;
			remoteInfo = "Social Joy";
		};
		D6E918F52098E29E00E813D4 /* PBXContainerItemProxy */ = {
			isa = PBXContainerItemProxy;
			containerPortal = D6E918CD2098E29C00E813D4 /* Project object */;
			proxyType = 1;
			remoteGlobalIDString = D6E918D42098E29C00E813D4;
			remoteInfo = "Social Joy";
		};
/* End PBXContainerItemProxy section */

/* Begin PBXFileReference section */
		9D4F83962099500E00389423 /* quizScreenController.swift */ = {isa = PBXFileReference; lastKnownFileType = sourcecode.swift; path = quizScreenController.swift; sourceTree = "<group>"; };
		9D4F83982099687F00389423 /* Player.swift */ = {isa = PBXFileReference; lastKnownFileType = sourcecode.swift; path = Player.swift; sourceTree = "<group>"; };
		CB2EDACA2099495700A283E9 /* Question.swift */ = {isa = PBXFileReference; lastKnownFileType = sourcecode.swift; path = Question.swift; sourceTree = "<group>"; };
		D6E918D52098E29C00E813D4 /* Social Joy.app */ = {isa = PBXFileReference; explicitFileType = wrapper.application; includeInIndex = 0; path = "Social Joy.app"; sourceTree = BUILT_PRODUCTS_DIR; };
		D6E918D82098E29C00E813D4 /* AppDelegate.swift */ = {isa = PBXFileReference; lastKnownFileType = sourcecode.swift; path = AppDelegate.swift; sourceTree = "<group>"; };
		D6E918DD2098E29C00E813D4 /* Base */ = {isa = PBXFileReference; lastKnownFileType = file.storyboard; name = Base; path = Base.lproj/Main.storyboard; sourceTree = "<group>"; };
		D6E918DF2098E29E00E813D4 /* Assets.xcassets */ = {isa = PBXFileReference; lastKnownFileType = folder.assetcatalog; path = Assets.xcassets; sourceTree = "<group>"; };
		D6E918E22098E29E00E813D4 /* Base */ = {isa = PBXFileReference; lastKnownFileType = file.storyboard; name = Base; path = Base.lproj/LaunchScreen.storyboard; sourceTree = "<group>"; };
		D6E918E42098E29E00E813D4 /* Info.plist */ = {isa = PBXFileReference; lastKnownFileType = text.plist.xml; path = Info.plist; sourceTree = "<group>"; };
		D6E918E92098E29E00E813D4 /* Social JoyTests.xctest */ = {isa = PBXFileReference; explicitFileType = wrapper.cfbundle; includeInIndex = 0; path = "Social JoyTests.xctest"; sourceTree = BUILT_PRODUCTS_DIR; };
		D6E918ED2098E29E00E813D4 /* Social_JoyTests.swift */ = {isa = PBXFileReference; lastKnownFileType = sourcecode.swift; path = Social_JoyTests.swift; sourceTree = "<group>"; };
		D6E918EF2098E29E00E813D4 /* Info.plist */ = {isa = PBXFileReference; lastKnownFileType = text.plist.xml; path = Info.plist; sourceTree = "<group>"; };
		D6E918F42098E29E00E813D4 /* Social JoyUITests.xctest */ = {isa = PBXFileReference; explicitFileType = wrapper.cfbundle; includeInIndex = 0; path = "Social JoyUITests.xctest"; sourceTree = BUILT_PRODUCTS_DIR; };
		D6E918F82098E29E00E813D4 /* Social_JoyUITests.swift */ = {isa = PBXFileReference; lastKnownFileType = sourcecode.swift; path = Social_JoyUITests.swift; sourceTree = "<group>"; };
		D6E918FA2098E29E00E813D4 /* Info.plist */ = {isa = PBXFileReference; lastKnownFileType = text.plist.xml; path = Info.plist; sourceTree = "<group>"; };
		D6E919082098FF4A00E813D4 /* mainMenuViewController.swift */ = {isa = PBXFileReference; lastKnownFileType = sourcecode.swift; path = mainMenuViewController.swift; sourceTree = "<group>"; };
		D6E9190A2099120500E813D4 /* Quiz.swift */ = {isa = PBXFileReference; lastKnownFileType = sourcecode.swift; path = Quiz.swift; sourceTree = "<group>"; };
/* End PBXFileReference section */

/* Begin PBXFrameworksBuildPhase section */
		D6E918D22098E29C00E813D4 /* Frameworks */ = {
			isa = PBXFrameworksBuildPhase;
			buildActionMask = 2147483647;
			files = (
			);
			runOnlyForDeploymentPostprocessing = 0;
		};
		D6E918E62098E29E00E813D4 /* Frameworks */ = {
			isa = PBXFrameworksBuildPhase;
			buildActionMask = 2147483647;
			files = (
			);
			runOnlyForDeploymentPostprocessing = 0;
		};
		D6E918F12098E29E00E813D4 /* Frameworks */ = {
			isa = PBXFrameworksBuildPhase;
			buildActionMask = 2147483647;
			files = (
			);
			runOnlyForDeploymentPostprocessing = 0;
		};
/* End PBXFrameworksBuildPhase section */

/* Begin PBXGroup section */
		D6E918CC2098E29C00E813D4 = {
			isa = PBXGroup;
			children = (
				D6E918D72098E29C00E813D4 /* Social Joy */,
				D6E918EC2098E29E00E813D4 /* Social JoyTests */,
				D6E918F72098E29E00E813D4 /* Social JoyUITests */,
				D6E918D62098E29C00E813D4 /* Products */,
			);
			sourceTree = "<group>";
		};
		D6E918D62098E29C00E813D4 /* Products */ = {
			isa = PBXGroup;
			children = (
				D6E918D52098E29C00E813D4 /* Social Joy.app */,
				D6E918E92098E29E00E813D4 /* Social JoyTests.xctest */,
				D6E918F42098E29E00E813D4 /* Social JoyUITests.xctest */,
			);
			name = Products;
			sourceTree = "<group>";
		};
		D6E918D72098E29C00E813D4 /* Social Joy */ = {
			isa = PBXGroup;
			children = (
				D6E919082098FF4A00E813D4 /* mainMenuViewController.swift */,
				D6E918D82098E29C00E813D4 /* AppDelegate.swift */,
				D6E918DC2098E29C00E813D4 /* Main.storyboard */,
				9D4F83962099500E00389423 /* quizScreenController.swift */,
				9D4F83982099687F00389423 /* Player.swift */,
				D6E9190A2099120500E813D4 /* Quiz.swift */,
				CB2EDACA2099495700A283E9 /* Question.swift */,
				D6E918DF2098E29E00E813D4 /* Assets.xcassets */,
				D6E918E12098E29E00E813D4 /* LaunchScreen.storyboard */,
				D6E918E42098E29E00E813D4 /* Info.plist */,
			);
			path = "Social Joy";
			sourceTree = "<group>";
		};
		D6E918EC2098E29E00E813D4 /* Social JoyTests */ = {
			isa = PBXGroup;
			children = (
				D6E918ED2098E29E00E813D4 /* Social_JoyTests.swift */,
				D6E918EF2098E29E00E813D4 /* Info.plist */,
			);
			path = "Social JoyTests";
			sourceTree = "<group>";
		};
		D6E918F72098E29E00E813D4 /* Social JoyUITests */ = {
			isa = PBXGroup;
			children = (
				D6E918F82098E29E00E813D4 /* Social_JoyUITests.swift */,
				D6E918FA2098E29E00E813D4 /* Info.plist */,
			);
			path = "Social JoyUITests";
			sourceTree = "<group>";
		};
/* End PBXGroup section */

/* Begin PBXNativeTarget section */
		D6E918D42098E29C00E813D4 /* Social Joy */ = {
			isa = PBXNativeTarget;
			buildConfigurationList = D6E918FD2098E29E00E813D4 /* Build configuration list for PBXNativeTarget "Social Joy" */;
			buildPhases = (
				D6E918D12098E29C00E813D4 /* Sources */,
				D6E918D22098E29C00E813D4 /* Frameworks */,
				D6E918D32098E29C00E813D4 /* Resources */,
			);
			buildRules = (
			);
			dependencies = (
			);
			name = "Social Joy";
			productName = "Social Joy";
			productReference = D6E918D52098E29C00E813D4 /* Social Joy.app */;
			productType = "com.apple.product-type.application";
		};
		D6E918E82098E29E00E813D4 /* Social JoyTests */ = {
			isa = PBXNativeTarget;
			buildConfigurationList = D6E919002098E29E00E813D4 /* Build configuration list for PBXNativeTarget "Social JoyTests" */;
			buildPhases = (
				D6E918E52098E29E00E813D4 /* Sources */,
				D6E918E62098E29E00E813D4 /* Frameworks */,
				D6E918E72098E29E00E813D4 /* Resources */,
			);
			buildRules = (
			);
			dependencies = (
				D6E918EB2098E29E00E813D4 /* PBXTargetDependency */,
			);
			name = "Social JoyTests";
			productName = "Social JoyTests";
			productReference = D6E918E92098E29E00E813D4 /* Social JoyTests.xctest */;
			productType = "com.apple.product-type.bundle.unit-test";
		};
		D6E918F32098E29E00E813D4 /* Social JoyUITests */ = {
			isa = PBXNativeTarget;
			buildConfigurationList = D6E919032098E29E00E813D4 /* Build configuration list for PBXNativeTarget "Social JoyUITests" */;
			buildPhases = (
				D6E918F02098E29E00E813D4 /* Sources */,
				D6E918F12098E29E00E813D4 /* Frameworks */,
				D6E918F22098E29E00E813D4 /* Resources */,
			);
			buildRules = (
			);
			dependencies = (
				D6E918F62098E29E00E813D4 /* PBXTargetDependency */,
			);
			name = "Social JoyUITests";
			productName = "Social JoyUITests";
			productReference = D6E918F42098E29E00E813D4 /* Social JoyUITests.xctest */;
			productType = "com.apple.product-type.bundle.ui-testing";
		};
/* End PBXNativeTarget section */

/* Begin PBXProject section */
		D6E918CD2098E29C00E813D4 /* Project object */ = {
			isa = PBXProject;
			attributes = {
				LastSwiftUpdateCheck = 0930;
				LastUpgradeCheck = 0930;
				ORGANIZATIONNAME = "Cohen, Trevor (Genworth)";
				TargetAttributes = {
					D6E918D42098E29C00E813D4 = {
						CreatedOnToolsVersion = 9.3;
						LastSwiftMigration = 0920;
						ProvisioningStyle = Automatic;
					};
					D6E918E82098E29E00E813D4 = {
						CreatedOnToolsVersion = 9.3;
						ProvisioningStyle = Automatic;
						TestTargetID = D6E918D42098E29C00E813D4;
					};
					D6E918F32098E29E00E813D4 = {
						CreatedOnToolsVersion = 9.3;
						ProvisioningStyle = Automatic;
						TestTargetID = D6E918D42098E29C00E813D4;
					};
				};
			};
			buildConfigurationList = D6E918D02098E29C00E813D4 /* Build configuration list for PBXProject "Social Joy" */;
			compatibilityVersion = "Xcode 8.0";
			developmentRegion = en;
			hasScannedForEncodings = 0;
			knownRegions = (
				en,
				Base,
			);
			mainGroup = D6E918CC2098E29C00E813D4;
			productRefGroup = D6E918D62098E29C00E813D4 /* Products */;
			projectDirPath = "";
			projectRoot = "";
			targets = (
				D6E918D42098E29C00E813D4 /* Social Joy */,
				D6E918E82098E29E00E813D4 /* Social JoyTests */,
				D6E918F32098E29E00E813D4 /* Social JoyUITests */,
			);
		};
/* End PBXProject section */

/* Begin PBXResourcesBuildPhase section */
		D6E918D32098E29C00E813D4 /* Resources */ = {
			isa = PBXResourcesBuildPhase;
			buildActionMask = 2147483647;
			files = (
				D6E918E32098E29E00E813D4 /* LaunchScreen.storyboard in Resources */,
				D6E918E02098E29E00E813D4 /* Assets.xcassets in Resources */,
				D6E918DE2098E29C00E813D4 /* Main.storyboard in Resources */,
			);
			runOnlyForDeploymentPostprocessing = 0;
		};
		D6E918E72098E29E00E813D4 /* Resources */ = {
			isa = PBXResourcesBuildPhase;
			buildActionMask = 2147483647;
			files = (
			);
			runOnlyForDeploymentPostprocessing = 0;
		};
		D6E918F22098E29E00E813D4 /* Resources */ = {
			isa = PBXResourcesBuildPhase;
			buildActionMask = 2147483647;
			files = (
			);
			runOnlyForDeploymentPostprocessing = 0;
		};
/* End PBXResourcesBuildPhase section */

/* Begin PBXSourcesBuildPhase section */
		D6E918D12098E29C00E813D4 /* Sources */ = {
			isa = PBXSourcesBuildPhase;
			buildActionMask = 2147483647;
			files = (
				D6E919092098FF4A00E813D4 /* mainMenuViewController.swift in Sources */,
				CB2EDACB2099495700A283E9 /* Question.swift in Sources */,
				D6E918D92098E29C00E813D4 /* AppDelegate.swift in Sources */,
				D6E9190B2099120500E813D4 /* Quiz.swift in Sources */,
				9D4F83992099687F00389423 /* Player.swift in Sources */,
				9D4F83972099500E00389423 /* quizScreenController.swift in Sources */,
			);
			runOnlyForDeploymentPostprocessing = 0;
		};
		D6E918E52098E29E00E813D4 /* Sources */ = {
			isa = PBXSourcesBuildPhase;
			buildActionMask = 2147483647;
			files = (
				D6E918EE2098E29E00E813D4 /* Social_JoyTests.swift in Sources */,
			);
			runOnlyForDeploymentPostprocessing = 0;
		};
		D6E918F02098E29E00E813D4 /* Sources */ = {
			isa = PBXSourcesBuildPhase;
			buildActionMask = 2147483647;
			files = (
				D6E918F92098E29E00E813D4 /* Social_JoyUITests.swift in Sources */,
			);
			runOnlyForDeploymentPostprocessing = 0;
		};
/* End PBXSourcesBuildPhase section */

/* Begin PBXTargetDependency section */
		D6E918EB2098E29E00E813D4 /* PBXTargetDependency */ = {
			isa = PBXTargetDependency;
			target = D6E918D42098E29C00E813D4 /* Social Joy */;
			targetProxy = D6E918EA2098E29E00E813D4 /* PBXContainerItemProxy */;
		};
		D6E918F62098E29E00E813D4 /* PBXTargetDependency */ = {
			isa = PBXTargetDependency;
			target = D6E918D42098E29C00E813D4 /* Social Joy */;
			targetProxy = D6E918F52098E29E00E813D4 /* PBXContainerItemProxy */;
		};
/* End PBXTargetDependency section */

/* Begin PBXVariantGroup section */
		D6E918DC2098E29C00E813D4 /* Main.storyboard */ = {
			isa = PBXVariantGroup;
			children = (
				D6E918DD2098E29C00E813D4 /* Base */,
			);
			name = Main.storyboard;
			sourceTree = "<group>";
		};
		D6E918E12098E29E00E813D4 /* LaunchScreen.storyboard */ = {
			isa = PBXVariantGroup;
			children = (
				D6E918E22098E29E00E813D4 /* Base */,
			);
			name = LaunchScreen.storyboard;
			sourceTree = "<group>";
		};
/* End PBXVariantGroup section */

/* Begin XCBuildConfiguration section */
		D6E918FB2098E29E00E813D4 /* Debug */ = {
			isa = XCBuildConfiguration;
			buildSettings = {
				ALWAYS_SEARCH_USER_PATHS = NO;
				CLANG_ANALYZER_NONNULL = YES;
				CLANG_ANALYZER_NUMBER_OBJECT_CONVERSION = YES_AGGRESSIVE;
				CLANG_CXX_LANGUAGE_STANDARD = "gnu++14";
				CLANG_CXX_LIBRARY = "libc++";
				CLANG_ENABLE_MODULES = YES;
				CLANG_ENABLE_OBJC_ARC = YES;
				CLANG_ENABLE_OBJC_WEAK = YES;
				CLANG_WARN_BLOCK_CAPTURE_AUTORELEASING = YES;
				CLANG_WARN_BOOL_CONVERSION = YES;
				CLANG_WARN_COMMA = YES;
				CLANG_WARN_CONSTANT_CONVERSION = YES;
				CLANG_WARN_DEPRECATED_OBJC_IMPLEMENTATIONS = YES;
				CLANG_WARN_DIRECT_OBJC_ISA_USAGE = YES_ERROR;
				CLANG_WARN_DOCUMENTATION_COMMENTS = YES;
				CLANG_WARN_EMPTY_BODY = YES;
				CLANG_WARN_ENUM_CONVERSION = YES;
				CLANG_WARN_INFINITE_RECURSION = YES;
				CLANG_WARN_INT_CONVERSION = YES;
				CLANG_WARN_NON_LITERAL_NULL_CONVERSION = YES;
				CLANG_WARN_OBJC_IMPLICIT_RETAIN_SELF = YES;
				CLANG_WARN_OBJC_LITERAL_CONVERSION = YES;
				CLANG_WARN_OBJC_ROOT_CLASS = YES_ERROR;
				CLANG_WARN_RANGE_LOOP_ANALYSIS = YES;
				CLANG_WARN_STRICT_PROTOTYPES = YES;
				CLANG_WARN_SUSPICIOUS_MOVE = YES;
				CLANG_WARN_UNGUARDED_AVAILABILITY = YES_AGGRESSIVE;
				CLANG_WARN_UNREACHABLE_CODE = YES;
				CLANG_WARN__DUPLICATE_METHOD_MATCH = YES;
				CODE_SIGN_IDENTITY = "iPhone Developer";
				COPY_PHASE_STRIP = NO;
				DEBUG_INFORMATION_FORMAT = dwarf;
				ENABLE_STRICT_OBJC_MSGSEND = YES;
				ENABLE_TESTABILITY = YES;
				GCC_C_LANGUAGE_STANDARD = gnu11;
				GCC_DYNAMIC_NO_PIC = NO;
				GCC_NO_COMMON_BLOCKS = YES;
				GCC_OPTIMIZATION_LEVEL = 0;
				GCC_PREPROCESSOR_DEFINITIONS = (
					"DEBUG=1",
					"$(inherited)",
				);
				GCC_WARN_64_TO_32_BIT_CONVERSION = YES;
				GCC_WARN_ABOUT_RETURN_TYPE = YES_ERROR;
				GCC_WARN_UNDECLARED_SELECTOR = YES;
				GCC_WARN_UNINITIALIZED_AUTOS = YES_AGGRESSIVE;
				GCC_WARN_UNUSED_FUNCTION = YES;
				GCC_WARN_UNUSED_VARIABLE = YES;
				IPHONEOS_DEPLOYMENT_TARGET = 11.3;
				MTL_ENABLE_DEBUG_INFO = YES;
				ONLY_ACTIVE_ARCH = YES;
				SDKROOT = iphoneos;
				SWIFT_ACTIVE_COMPILATION_CONDITIONS = DEBUG;
				SWIFT_OPTIMIZATION_LEVEL = "-Onone";
			};
			name = Debug;
		};
		D6E918FC2098E29E00E813D4 /* Release */ = {
			isa = XCBuildConfiguration;
			buildSettings = {
				ALWAYS_SEARCH_USER_PATHS = NO;
				CLANG_ANALYZER_NONNULL = YES;
				CLANG_ANALYZER_NUMBER_OBJECT_CONVERSION = YES_AGGRESSIVE;
				CLANG_CXX_LANGUAGE_STANDARD = "gnu++14";
				CLANG_CXX_LIBRARY = "libc++";
				CLANG_ENABLE_MODULES = YES;
				CLANG_ENABLE_OBJC_ARC = YES;
				CLANG_ENABLE_OBJC_WEAK = YES;
				CLANG_WARN_BLOCK_CAPTURE_AUTORELEASING = YES;
				CLANG_WARN_BOOL_CONVERSION = YES;
				CLANG_WARN_COMMA = YES;
				CLANG_WARN_CONSTANT_CONVERSION = YES;
				CLANG_WARN_DEPRECATED_OBJC_IMPLEMENTATIONS = YES;
				CLANG_WARN_DIRECT_OBJC_ISA_USAGE = YES_ERROR;
				CLANG_WARN_DOCUMENTATION_COMMENTS = YES;
				CLANG_WARN_EMPTY_BODY = YES;
				CLANG_WARN_ENUM_CONVERSION = YES;
				CLANG_WARN_INFINITE_RECURSION = YES;
				CLANG_WARN_INT_CONVERSION = YES;
				CLANG_WARN_NON_LITERAL_NULL_CONVERSION = YES;
				CLANG_WARN_OBJC_IMPLICIT_RETAIN_SELF = YES;
				CLANG_WARN_OBJC_LITERAL_CONVERSION = YES;
				CLANG_WARN_OBJC_ROOT_CLASS = YES_ERROR;
				CLANG_WARN_RANGE_LOOP_ANALYSIS = YES;
				CLANG_WARN_STRICT_PROTOTYPES = YES;
				CLANG_WARN_SUSPICIOUS_MOVE = YES;
				CLANG_WARN_UNGUARDED_AVAILABILITY = YES_AGGRESSIVE;
				CLANG_WARN_UNREACHABLE_CODE = YES;
				CLANG_WARN__DUPLICATE_METHOD_MATCH = YES;
				CODE_SIGN_IDENTITY = "iPhone Developer";
				COPY_PHASE_STRIP = NO;
				DEBUG_INFORMATION_FORMAT = "dwarf-with-dsym";
				ENABLE_NS_ASSERTIONS = NO;
				ENABLE_STRICT_OBJC_MSGSEND = YES;
				GCC_C_LANGUAGE_STANDARD = gnu11;
				GCC_NO_COMMON_BLOCKS = YES;
				GCC_WARN_64_TO_32_BIT_CONVERSION = YES;
				GCC_WARN_ABOUT_RETURN_TYPE = YES_ERROR;
				GCC_WARN_UNDECLARED_SELECTOR = YES;
				GCC_WARN_UNINITIALIZED_AUTOS = YES_AGGRESSIVE;
				GCC_WARN_UNUSED_FUNCTION = YES;
				GCC_WARN_UNUSED_VARIABLE = YES;
				IPHONEOS_DEPLOYMENT_TARGET = 11.3;
				MTL_ENABLE_DEBUG_INFO = NO;
				SDKROOT = iphoneos;
				SWIFT_OPTIMIZATION_LEVEL = "-Owholemodule";
				VALIDATE_PRODUCT = YES;
			};
			name = Release;
		};
		D6E918FE2098E29E00E813D4 /* Debug */ = {
			isa = XCBuildConfiguration;
			buildSettings = {
				ASSETCATALOG_COMPILER_APPICON_NAME = AppIcon;
				CLANG_ENABLE_MODULES = YES;
				CODE_SIGN_STYLE = Automatic;
				DEVELOPMENT_TEAM = 8B4QBLLSCD;
				INFOPLIST_FILE = "Social Joy/Info.plist";
				IPHONEOS_DEPLOYMENT_TARGET = 11.0;
				LD_RUNPATH_SEARCH_PATHS = "$(inherited) @executable_path/Frameworks";
				PRODUCT_BUNDLE_IDENTIFIER = "com.vcu.Social-Joey.Social-Joy";
				PRODUCT_NAME = "$(TARGET_NAME)";
				SWIFT_OPTIMIZATION_LEVEL = "-Onone";
				SWIFT_VERSION = 4.0;
				TARGETED_DEVICE_FAMILY = "1,2";
			};
			name = Debug;
		};
		D6E918FF2098E29E00E813D4 /* Release */ = {
			isa = XCBuildConfiguration;
			buildSettings = {
				ASSETCATALOG_COMPILER_APPICON_NAME = AppIcon;
				CLANG_ENABLE_MODULES = YES;
				CODE_SIGN_STYLE = Automatic;
				DEVELOPMENT_TEAM = 8B4QBLLSCD;
				INFOPLIST_FILE = "Social Joy/Info.plist";
				IPHONEOS_DEPLOYMENT_TARGET = 11.0;
				LD_RUNPATH_SEARCH_PATHS = "$(inherited) @executable_path/Frameworks";
				PRODUCT_BUNDLE_IDENTIFIER = "com.vcu.Social-Joey.Social-Joy";
				PRODUCT_NAME = "$(TARGET_NAME)";
				SWIFT_VERSION = 4.0;
				TARGETED_DEVICE_FAMILY = "1,2";
			};
			name = Release;
		};
		D6E919012098E29E00E813D4 /* Debug */ = {
			isa = XCBuildConfiguration;
			buildSettings = {
				ALWAYS_EMBED_SWIFT_STANDARD_LIBRARIES = YES;
				BUNDLE_LOADER = "$(TEST_HOST)";
				CODE_SIGN_STYLE = Automatic;
				DEVELOPMENT_TEAM = 8B4QBLLSCD;
				INFOPLIST_FILE = "Social JoyTests/Info.plist";
				IPHONEOS_DEPLOYMENT_TARGET = 11.0;
				LD_RUNPATH_SEARCH_PATHS = "$(inherited) @executable_path/Frameworks @loader_path/Frameworks";
				PRODUCT_BUNDLE_IDENTIFIER = "com.vcu.Social-Joey.Social-JoyTests";
				PRODUCT_NAME = "$(TARGET_NAME)";
				SWIFT_VERSION = 4.0;
				TARGETED_DEVICE_FAMILY = "1,2";
				TEST_HOST = "$(BUILT_PRODUCTS_DIR)/Social Joy.app/Social Joy";
			};
			name = Debug;
		};
		D6E919022098E29E00E813D4 /* Release */ = {
			isa = XCBuildConfiguration;
			buildSettings = {
				ALWAYS_EMBED_SWIFT_STANDARD_LIBRARIES = YES;
				BUNDLE_LOADER = "$(TEST_HOST)";
				CODE_SIGN_STYLE = Automatic;
				DEVELOPMENT_TEAM = 8B4QBLLSCD;
				INFOPLIST_FILE = "Social JoyTests/Info.plist";
				IPHONEOS_DEPLOYMENT_TARGET = 11.0;
				LD_RUNPATH_SEARCH_PATHS = "$(inherited) @executable_path/Frameworks @loader_path/Frameworks";
				PRODUCT_BUNDLE_IDENTIFIER = "com.vcu.Social-Joey.Social-JoyTests";
				PRODUCT_NAME = "$(TARGET_NAME)";
				SWIFT_VERSION = 4.0;
				TARGETED_DEVICE_FAMILY = "1,2";
				TEST_HOST = "$(BUILT_PRODUCTS_DIR)/Social Joy.app/Social Joy";
			};
			name = Release;
		};
		D6E919042098E29E00E813D4 /* Debug */ = {
			isa = XCBuildConfiguration;
			buildSettings = {
				ALWAYS_EMBED_SWIFT_STANDARD_LIBRARIES = YES;
				CODE_SIGN_STYLE = Automatic;
				DEVELOPMENT_TEAM = 8B4QBLLSCD;
				INFOPLIST_FILE = "Social JoyUITests/Info.plist";
				LD_RUNPATH_SEARCH_PATHS = "$(inherited) @executable_path/Frameworks @loader_path/Frameworks";
				PRODUCT_BUNDLE_IDENTIFIER = "com.vcu.Social-Joey.Social-JoyUITests";
				PRODUCT_NAME = "$(TARGET_NAME)";
				SWIFT_VERSION = 4.0;
				TARGETED_DEVICE_FAMILY = "1,2";
				TEST_TARGET_NAME = "Social Joy";
			};
			name = Debug;
		};
		D6E919052098E29E00E813D4 /* Release */ = {
			isa = XCBuildConfiguration;
			buildSettings = {
				ALWAYS_EMBED_SWIFT_STANDARD_LIBRARIES = YES;
				CODE_SIGN_STYLE = Automatic;
				DEVELOPMENT_TEAM = 8B4QBLLSCD;
				INFOPLIST_FILE = "Social JoyUITests/Info.plist";
				LD_RUNPATH_SEARCH_PATHS = "$(inherited) @executable_path/Frameworks @loader_path/Frameworks";
				PRODUCT_BUNDLE_IDENTIFIER = "com.vcu.Social-Joey.Social-JoyUITests";
				PRODUCT_NAME = "$(TARGET_NAME)";
				SWIFT_VERSION = 4.0;
				TARGETED_DEVICE_FAMILY = "1,2";
				TEST_TARGET_NAME = "Social Joy";
			};
			name = Release;
		};
/* End XCBuildConfiguration section */

/* Begin XCConfigurationList section */
		D6E918D02098E29C00E813D4 /* Build configuration list for PBXProject "Social Joy" */ = {
			isa = XCConfigurationList;
			buildConfigurations = (
				D6E918FB2098E29E00E813D4 /* Debug */,
				D6E918FC2098E29E00E813D4 /* Release */,
			);
			defaultConfigurationIsVisible = 0;
			defaultConfigurationName = Release;
		};
		D6E918FD2098E29E00E813D4 /* Build configuration list for PBXNativeTarget "Social Joy" */ = {
			isa = XCConfigurationList;
			buildConfigurations = (
				D6E918FE2098E29E00E813D4 /* Debug */,
				D6E918FF2098E29E00E813D4 /* Release */,
			);
			defaultConfigurationIsVisible = 0;
			defaultConfigurationName = Release;
		};
		D6E919002098E29E00E813D4 /* Build configuration list for PBXNativeTarget "Social JoyTests" */ = {
			isa = XCConfigurationList;
			buildConfigurations = (
				D6E919012098E29E00E813D4 /* Debug */,
				D6E919022098E29E00E813D4 /* Release */,
			);
			defaultConfigurationIsVisible = 0;
			defaultConfigurationName = Release;
		};
		D6E919032098E29E00E813D4 /* Build configuration list for PBXNativeTarget "Social JoyUITests" */ = {
			isa = XCConfigurationList;
			buildConfigurations = (
				D6E919042098E29E00E813D4 /* Debug */,
				D6E919052098E29E00E813D4 /* Release */,
			);
			defaultConfigurationIsVisible = 0;
			defaultConfigurationName = Release;
		};
/* End XCConfigurationList section */
	};
	rootObject = D6E918CD2098E29C00E813D4 /* Project object */;
}
